
Microsoft Visual Studio Solution File, Format Version 12.00
# Visual Studio Version 17
VisualStudioVersion = 17.4.33110.190
MinimumVisualStudioVersion = 10.0.40219.1
Project("{9A19103F-16F7-4668-BE54-9A1E7A4F7556}") = "ConsoleApp1", "ConsoleApp1\ConsoleApp1.csproj", "{F4F23894-5F9A-4C23-9BEB-0CF3004127AD}"
EndProject
Project("{9A19103F-16F7-4668-BE54-9A1E7A4F7556}") = "GenerateReports", "GenerateReports\GenerateReports.csproj", "{E54EBFAF-6AB5-4D5A-AD4F-846D5B7FC674}"
EndProject
Global
	GlobalSection(SolutionConfigurationPlatforms) = preSolution
		Debug|Any CPU = Debug|Any CPU
		Release|Any CPU = Release|Any CPU
	EndGlobalSection
	GlobalSection(ProjectConfigurationPlatforms) = postSolution
		{F4F23894-5F9A-4C23-9BEB-0CF3004127AD}.Debug|Any CPU.ActiveCfg = Debug|Any CPU
		{F4F23894-5F9A-4C23-9BEB-0CF3004127AD}.Debug|Any CPU.Build.0 = Debug|Any CPU
		{F4F23894-5F9A-4C23-9BEB-0CF3004127AD}.Release|Any CPU.ActiveCfg = Release|Any CPU
		{F4F23894-5F9A-4C23-9BEB-0CF3004127AD}.Release|Any CPU.Build.0 = Release|Any CPU
		{E54EBFAF-6AB5-4D5A-AD4F-846D5B7FC674}.Debug|Any CPU.ActiveCfg = Debug|Any CPU
		{E54EBFAF-6AB5-4D5A-AD4F-846D5B7FC674}.Debug|Any CPU.Build.0 = Debug|Any CPU
		{E54EBFAF-6AB5-4D5A-AD4F-846D5B7FC674}.Release|Any CPU.ActiveCfg = Release|Any CPU
		{E54EBFAF-6AB5-4D5A-AD4F-846D5B7FC674}.Release|Any CPU.Build.0 = Release|Any CPU
	EndGlobalSection
	GlobalSection(SolutionProperties) = preSolution
		HideSolutionNode = FALSE
	EndGlobalSection
	GlobalSection(ExtensibilityGlobals) = postSolution
		SolutionGuid = {E0404D78-585D-40EC-9845-B840DA83C9B7}
	EndGlobalSection
EndGlobal
